
Microsoft Visual Studio Solution File, Format Version 12.00
# Visual Studio 2013
VisualStudioVersion = 12.0.30501.0
MinimumVisualStudioVersion = 10.0.40219.1
Project("{FAE04EC0-301F-11D3-BF4B-00C04F79EFBC}") = "Auditur.Presentacion", "Presentacion\Auditur.Presentacion.csproj", "{F1DE5B37-C430-4616-B014-C95CF4A19222}"
EndProject
Project("{FAE04EC0-301F-11D3-BF4B-00C04F79EFBC}") = "Auditur.Negocio", "Negocio\Auditur.Negocio.csproj", "{F0892542-673F-47FC-ACD3-B6BA3D8DB514}"
EndProject
Project("{FAE04EC0-301F-11D3-BF4B-00C04F79EFBC}") = "Helpers", "Helpers\Helpers.csproj", "{1E148A4E-49A6-40BA-B9AE-AAE03A806F40}"
EndProject
Global
	GlobalSection(SolutionConfigurationPlatforms) = preSolution
		Debug|Any CPU = Debug|Any CPU
		Debug|Mixed Platforms = Debug|Mixed Platforms
		Debug|x86 = Debug|x86
		Release|Any CPU = Release|Any CPU
		Release|Mixed Platforms = Release|Mixed Platforms
		Release|x86 = Release|x86
	EndGlobalSection
	GlobalSection(ProjectConfigurationPlatforms) = postSolution
		{F1DE5B37-C430-4616-B014-C95CF4A19222}.Debug|Any CPU.ActiveCfg = Debug|x86
		{F1DE5B37-C430-4616-B014-C95CF4A19222}.Debug|Mixed Platforms.ActiveCfg = Debug|x86
		{F1DE5B37-C430-4616-B014-C95CF4A19222}.Debug|Mixed Platforms.Build.0 = Debug|x86
		{F1DE5B37-C430-4616-B014-C95CF4A19222}.Debug|x86.ActiveCfg = Debug|x86
		{F1DE5B37-C430-4616-B014-C95CF4A19222}.Debug|x86.Build.0 = Debug|x86
		{F1DE5B37-C430-4616-B014-C95CF4A19222}.Release|Any CPU.ActiveCfg = Release|x86
		{F1DE5B37-C430-4616-B014-C95CF4A19222}.Release|Mixed Platforms.ActiveCfg = Release|x86
		{F1DE5B37-C430-4616-B014-C95CF4A19222}.Release|Mixed Platforms.Build.0 = Release|x86
		{F1DE5B37-C430-4616-B014-C95CF4A19222}.Release|x86.ActiveCfg = Release|x86
		{F1DE5B37-C430-4616-B014-C95CF4A19222}.Release|x86.Build.0 = Release|x86
		{F0892542-673F-47FC-ACD3-B6BA3D8DB514}.Debug|Any CPU.ActiveCfg = Debug|Any CPU
		{F0892542-673F-47FC-ACD3-B6BA3D8DB514}.Debug|Any CPU.Build.0 = Debug|Any CPU
		{F0892542-673F-47FC-ACD3-B6BA3D8DB514}.Debug|Mixed Platforms.ActiveCfg = Debug|Any CPU
		{F0892542-673F-47FC-ACD3-B6BA3D8DB514}.Debug|Mixed Platforms.Build.0 = Debug|Any CPU
		{F0892542-673F-47FC-ACD3-B6BA3D8DB514}.Debug|x86.ActiveCfg = Debug|Any CPU
		{F0892542-673F-47FC-ACD3-B6BA3D8DB514}.Release|Any CPU.ActiveCfg = Release|Any CPU
		{F0892542-673F-47FC-ACD3-B6BA3D8DB514}.Release|Any CPU.Build.0 = Release|Any CPU
		{F0892542-673F-47FC-ACD3-B6BA3D8DB514}.Release|Mixed Platforms.ActiveCfg = Release|Any CPU
		{F0892542-673F-47FC-ACD3-B6BA3D8DB514}.Release|Mixed Platforms.Build.0 = Release|Any CPU
		{F0892542-673F-47FC-ACD3-B6BA3D8DB514}.Release|x86.ActiveCfg = Release|Any CPU
		{1E148A4E-49A6-40BA-B9AE-AAE03A806F40}.Debug|Any CPU.ActiveCfg = Debug|Any CPU
		{1E148A4E-49A6-40BA-B9AE-AAE03A806F40}.Debug|Any CPU.Build.0 = Debug|Any CPU
		{1E148A4E-49A6-40BA-B9AE-AAE03A806F40}.Debug|Mixed Platforms.ActiveCfg = Debug|Any CPU
		{1E148A4E-49A6-40BA-B9AE-AAE03A806F40}.Debug|Mixed Platforms.Build.0 = Debug|Any CPU
		{1E148A4E-49A6-40BA-B9AE-AAE03A806F40}.Debug|x86.ActiveCfg = Debug|Any CPU
		{1E148A4E-49A6-40BA-B9AE-AAE03A806F40}.Release|Any CPU.ActiveCfg = Release|Any CPU
		{1E148A4E-49A6-40BA-B9AE-AAE03A806F40}.Release|Any CPU.Build.0 = Release|Any CPU
		{1E148A4E-49A6-40BA-B9AE-AAE03A806F40}.Release|Mixed Platforms.ActiveCfg = Release|Any CPU
		{1E148A4E-49A6-40BA-B9AE-AAE03A806F40}.Release|Mixed Platforms.Build.0 = Release|Any CPU
		{1E148A4E-49A6-40BA-B9AE-AAE03A806F40}.Release|x86.ActiveCfg = Release|Any CPU
	EndGlobalSection
	GlobalSection(SolutionProperties) = preSolution
		HideSolutionNode = FALSE
	EndGlobalSection
EndGlobal
